
Microsoft Visual Studio Solution File, Format Version 12.00
# Visual Studio 2012
Project("{FAE04EC0-301F-11D3-BF4B-00C04F79EFBC}") = "cubedstars.com", "cubedstars.com\cubedstars.com.csproj", "{CA8B7670-0A5A-437B-92E9-A292A106315F}"
EndProject
Project("{FAE04EC0-301F-11D3-BF4B-00C04F79EFBC}") = "cubedstars.com.Tests", "cubedstars.com.Tests\cubedstars.com.Tests.csproj", "{C13E5983-B8D5-43D2-8F6A-AE4ABBCB9D69}"
EndProject
Global
	GlobalSection(SolutionConfigurationPlatforms) = preSolution
		Debug|Any CPU = Debug|Any CPU
		Release|Any CPU = Release|Any CPU
	EndGlobalSection
	GlobalSection(ProjectConfigurationPlatforms) = postSolution
		{CA8B7670-0A5A-437B-92E9-A292A106315F}.Debug|Any CPU.ActiveCfg = Debug|Any CPU
		{CA8B7670-0A5A-437B-92E9-A292A106315F}.Debug|Any CPU.Build.0 = Debug|Any CPU
		{CA8B7670-0A5A-437B-92E9-A292A106315F}.Release|Any CPU.ActiveCfg = Release|Any CPU
		{CA8B7670-0A5A-437B-92E9-A292A106315F}.Release|Any CPU.Build.0 = Release|Any CPU
		{C13E5983-B8D5-43D2-8F6A-AE4ABBCB9D69}.Debug|Any CPU.ActiveCfg = Debug|Any CPU
		{C13E5983-B8D5-43D2-8F6A-AE4ABBCB9D69}.Debug|Any CPU.Build.0 = Debug|Any CPU
		{C13E5983-B8D5-43D2-8F6A-AE4ABBCB9D69}.Release|Any CPU.ActiveCfg = Release|Any CPU
		{C13E5983-B8D5-43D2-8F6A-AE4ABBCB9D69}.Release|Any CPU.Build.0 = Release|Any CPU
	EndGlobalSection
	GlobalSection(SolutionProperties) = preSolution
		HideSolutionNode = FALSE
	EndGlobalSection
EndGlobal
